
Microsoft Visual Studio Solution File, Format Version 12.00
# Visual Studio 2012
Project("{FAE04EC0-301F-11D3-BF4B-00C04F79EFBC}") = "TestServer", "TestServer\TestServer.csproj", "{B64FB6A5-7477-4485-9FA2-742DB69C11EE}"
EndProject
Project("{FAE04EC0-301F-11D3-BF4B-00C04F79EFBC}") = "PerfMonLib.WebApi", "PerfMonLib.WebApi\PerfMonLib.WebApi.csproj", "{312A6AD5-C6FE-40EC-A923-A24C1620466C}"
EndProject
Project("{FAE04EC0-301F-11D3-BF4B-00C04F79EFBC}") = "PerfMonLib.Core", "PerfMonLib.Core\PerfMonLib.Core.csproj", "{15EA05E4-0BCF-4A35-B177-59B932869414}"
EndProject
Global
	GlobalSection(SolutionConfigurationPlatforms) = preSolution
		Debug|Any CPU = Debug|Any CPU
		Release|Any CPU = Release|Any CPU
	EndGlobalSection
	GlobalSection(ProjectConfigurationPlatforms) = postSolution
		{B64FB6A5-7477-4485-9FA2-742DB69C11EE}.Debug|Any CPU.ActiveCfg = Debug|Any CPU
		{B64FB6A5-7477-4485-9FA2-742DB69C11EE}.Debug|Any CPU.Build.0 = Debug|Any CPU
		{B64FB6A5-7477-4485-9FA2-742DB69C11EE}.Release|Any CPU.ActiveCfg = Release|Any CPU
		{B64FB6A5-7477-4485-9FA2-742DB69C11EE}.Release|Any CPU.Build.0 = Release|Any CPU
		{312A6AD5-C6FE-40EC-A923-A24C1620466C}.Debug|Any CPU.ActiveCfg = Debug|Any CPU
		{312A6AD5-C6FE-40EC-A923-A24C1620466C}.Debug|Any CPU.Build.0 = Debug|Any CPU
		{312A6AD5-C6FE-40EC-A923-A24C1620466C}.Release|Any CPU.ActiveCfg = Release|Any CPU
		{312A6AD5-C6FE-40EC-A923-A24C1620466C}.Release|Any CPU.Build.0 = Release|Any CPU
		{15EA05E4-0BCF-4A35-B177-59B932869414}.Debug|Any CPU.ActiveCfg = Debug|Any CPU
		{15EA05E4-0BCF-4A35-B177-59B932869414}.Debug|Any CPU.Build.0 = Debug|Any CPU
		{15EA05E4-0BCF-4A35-B177-59B932869414}.Release|Any CPU.ActiveCfg = Release|Any CPU
		{15EA05E4-0BCF-4A35-B177-59B932869414}.Release|Any CPU.Build.0 = Release|Any CPU
	EndGlobalSection
	GlobalSection(SolutionProperties) = preSolution
		HideSolutionNode = FALSE
	EndGlobalSection
EndGlobal
